// !$*UTF8*$!
{
	archiveVersion = 1;
	classes = {
	};
	objectVersion = 50;
	objects = {

/* Begin PBXBuildFile section */
		F2499BBD20EEEF4B0038C0D6 /* AppDelegate.swift in Sources */ = {isa = PBXBuildFile; fileRef = F2499BBC20EEEF4B0038C0D6 /* AppDelegate.swift */; };
		F2499BBF20EEEF4B0038C0D6 /* ViewController.swift in Sources */ = {isa = PBXBuildFile; fileRef = F2499BBE20EEEF4B0038C0D6 /* ViewController.swift */; };
		F2499BC220EEEF4B0038C0D6 /* Main.storyboard in Resources */ = {isa = PBXBuildFile; fileRef = F2499BC020EEEF4B0038C0D6 /* Main.storyboard */; };
		F2499BC420EEEF4C0038C0D6 /* Assets.xcassets in Resources */ = {isa = PBXBuildFile; fileRef = F2499BC320EEEF4C0038C0D6 /* Assets.xcassets */; };
		F2499BC720EEEF4C0038C0D6 /* LaunchScreen.storyboard in Resources */ = {isa = PBXBuildFile; fileRef = F2499BC520EEEF4C0038C0D6 /* LaunchScreen.storyboard */; };
		F2499BD220EEEF4C0038C0D6 /* TodoboxTests.swift in Sources */ = {isa = PBXBuildFile; fileRef = F2499BD120EEEF4C0038C0D6 /* TodoboxTests.swift */; };
		F2499BDD20EEEF4C0038C0D6 /* TodoboxUITests.swift in Sources */ = {isa = PBXBuildFile; fileRef = F2499BDC20EEEF4C0038C0D6 /* TodoboxUITests.swift */; };
/* End PBXBuildFile section */

/* Begin PBXContainerItemProxy section */
		F2499BCE20EEEF4C0038C0D6 /* PBXContainerItemProxy */ = {
			isa = PBXContainerItemProxy;
			containerPortal = F2499BB120EEEF4B0038C0D6 /* Project object */;
			proxyType = 1;
			remoteGlobalIDString = F2499BB820EEEF4B0038C0D6;
			remoteInfo = Todobox;
		};
		F2499BD920EEEF4C0038C0D6 /* PBXContainerItemProxy */ = {
			isa = PBXContainerItemProxy;
			containerPortal = F2499BB120EEEF4B0038C0D6 /* Project object */;
			proxyType = 1;
			remoteGlobalIDString = F2499BB820EEEF4B0038C0D6;
			remoteInfo = Todobox;
		};
/* End PBXContainerItemProxy section */

/* Begin PBXFileReference section */
		F2499BB920EEEF4B0038C0D6 /* Todobox.app */ = {isa = PBXFileReference; explicitFileType = wrapper.application; includeInIndex = 0; path = Todobox.app; sourceTree = BUILT_PRODUCTS_DIR; };
		F2499BBC20EEEF4B0038C0D6 /* AppDelegate.swift */ = {isa = PBXFileReference; lastKnownFileType = sourcecode.swift; path = AppDelegate.swift; sourceTree = "<group>"; };
		F2499BBE20EEEF4B0038C0D6 /* ViewController.swift */ = {isa = PBXFileReference; lastKnownFileType = sourcecode.swift; path = ViewController.swift; sourceTree = "<group>"; };
		F2499BC120EEEF4B0038C0D6 /* Base */ = {isa = PBXFileReference; lastKnownFileType = file.storyboard; name = Base; path = Base.lproj/Main.storyboard; sourceTree = "<group>"; };
		F2499BC320EEEF4C0038C0D6 /* Assets.xcassets */ = {isa = PBXFileReference; lastKnownFileType = folder.assetcatalog; path = Assets.xcassets; sourceTree = "<group>"; };
		F2499BC620EEEF4C0038C0D6 /* Base */ = {isa = PBXFileReference; lastKnownFileType = file.storyboard; name = Base; path = Base.lproj/LaunchScreen.storyboard; sourceTree = "<group>"; };
		F2499BC820EEEF4C0038C0D6 /* Info.plist */ = {isa = PBXFileReference; lastKnownFileType = text.plist.xml; path = Info.plist; sourceTree = "<group>"; };
		F2499BCD20EEEF4C0038C0D6 /* TodoboxTests.xctest */ = {isa = PBXFileReference; explicitFileType = wrapper.cfbundle; includeInIndex = 0; path = TodoboxTests.xctest; sourceTree = BUILT_PRODUCTS_DIR; };
		F2499BD120EEEF4C0038C0D6 /* TodoboxTests.swift */ = {isa = PBXFileReference; lastKnownFileType = sourcecode.swift; path = TodoboxTests.swift; sourceTree = "<group>"; };
		F2499BD320EEEF4C0038C0D6 /* Info.plist */ = {isa = PBXFileReference; lastKnownFileType = text.plist.xml; path = Info.plist; sourceTree = "<group>"; };
		F2499BD820EEEF4C0038C0D6 /* TodoboxUITests.xctest */ = {isa = PBXFileReference; explicitFileType = wrapper.cfbundle; includeInIndex = 0; path = TodoboxUITests.xctest; sourceTree = BUILT_PRODUCTS_DIR; };
		F2499BDC20EEEF4C0038C0D6 /* TodoboxUITests.swift */ = {isa = PBXFileReference; lastKnownFileType = sourcecode.swift; path = TodoboxUITests.swift; sourceTree = "<group>"; };
		F2499BDE20EEEF4C0038C0D6 /* Info.plist */ = {isa = PBXFileReference; lastKnownFileType = text.plist.xml; path = Info.plist; sourceTree = "<group>"; };
/* End PBXFileReference section */

/* Begin PBXFrameworksBuildPhase section */
		F2499BB620EEEF4B0038C0D6 /* Frameworks */ = {
			isa = PBXFrameworksBuildPhase;
			buildActionMask = 2147483647;
			files = (
			);
			runOnlyForDeploymentPostprocessing = 0;
		};
		F2499BCA20EEEF4C0038C0D6 /* Frameworks */ = {
			isa = PBXFrameworksBuildPhase;
			buildActionMask = 2147483647;
			files = (
			);
			runOnlyForDeploymentPostprocessing = 0;
		};
		F2499BD520EEEF4C0038C0D6 /* Frameworks */ = {
			isa = PBXFrameworksBuildPhase;
			buildActionMask = 2147483647;
			files = (
			);
			runOnlyForDeploymentPostprocessing = 0;
		};
/* End PBXFrameworksBuildPhase section */

/* Begin PBXGroup section */
		F2499BB020EEEF4B0038C0D6 = {
			isa = PBXGroup;
			children = (
				F2499BBB20EEEF4B0038C0D6 /* Todobox */,
				F2499BD020EEEF4C0038C0D6 /* TodoboxTests */,
				F2499BDB20EEEF4C0038C0D6 /* TodoboxUITests */,
				F2499BBA20EEEF4B0038C0D6 /* Products */,
			);
			sourceTree = "<group>";
		};
		F2499BBA20EEEF4B0038C0D6 /* Products */ = {
			isa = PBXGroup;
			children = (
				F2499BB920EEEF4B0038C0D6 /* Todobox.app */,
				F2499BCD20EEEF4C0038C0D6 /* TodoboxTests.xctest */,
				F2499BD820EEEF4C0038C0D6 /* TodoboxUITests.xctest */,
			);
			name = Products;
			sourceTree = "<group>";
		};
		F2499BBB20EEEF4B0038C0D6 /* Todobox */ = {
			isa = PBXGroup;
			children = (
				F2499BBC20EEEF4B0038C0D6 /* AppDelegate.swift */,
				F2499BBE20EEEF4B0038C0D6 /* ViewController.swift */,
				F2499BC020EEEF4B0038C0D6 /* Main.storyboard */,
				F2499BC320EEEF4C0038C0D6 /* Assets.xcassets */,
				F2499BC520EEEF4C0038C0D6 /* LaunchScreen.storyboard */,
				F2499BC820EEEF4C0038C0D6 /* Info.plist */,
			);
			path = Todobox;
			sourceTree = "<group>";
		};
		F2499BD020EEEF4C0038C0D6 /* TodoboxTests */ = {
			isa = PBXGroup;
			children = (
				F2499BD120EEEF4C0038C0D6 /* TodoboxTests.swift */,
				F2499BD320EEEF4C0038C0D6 /* Info.plist */,
			);
			path = TodoboxTests;
			sourceTree = "<group>";
		};
		F2499BDB20EEEF4C0038C0D6 /* TodoboxUITests */ = {
			isa = PBXGroup;
			children = (
				F2499BDC20EEEF4C0038C0D6 /* TodoboxUITests.swift */,
				F2499BDE20EEEF4C0038C0D6 /* Info.plist */,
			);
			path = TodoboxUITests;
			sourceTree = "<group>";
		};
/* End PBXGroup section */

/* Begin PBXNativeTarget section */
		F2499BB820EEEF4B0038C0D6 /* Todobox */ = {
			isa = PBXNativeTarget;
			buildConfigurationList = F2499BE120EEEF4C0038C0D6 /* Build configuration list for PBXNativeTarget "Todobox" */;
			buildPhases = (
				F2499BB520EEEF4B0038C0D6 /* Sources */,
				F2499BB620EEEF4B0038C0D6 /* Frameworks */,
				F2499BB720EEEF4B0038C0D6 /* Resources */,
			);
			buildRules = (
			);
			dependencies = (
			);
			name = Todobox;
			productName = Todobox;
			productReference = F2499BB920EEEF4B0038C0D6 /* Todobox.app */;
			productType = "com.apple.product-type.application";
		};
		F2499BCC20EEEF4C0038C0D6 /* TodoboxTests */ = {
			isa = PBXNativeTarget;
			buildConfigurationList = F2499BE420EEEF4C0038C0D6 /* Build configuration list for PBXNativeTarget "TodoboxTests" */;
			buildPhases = (
				F2499BC920EEEF4C0038C0D6 /* Sources */,
				F2499BCA20EEEF4C0038C0D6 /* Frameworks */,
				F2499BCB20EEEF4C0038C0D6 /* Resources */,
			);
			buildRules = (
			);
			dependencies = (
				F2499BCF20EEEF4C0038C0D6 /* PBXTargetDependency */,
			);
			name = TodoboxTests;
			productName = TodoboxTests;
			productReference = F2499BCD20EEEF4C0038C0D6 /* TodoboxTests.xctest */;
			productType = "com.apple.product-type.bundle.unit-test";
		};
		F2499BD720EEEF4C0038C0D6 /* TodoboxUITests */ = {
			isa = PBXNativeTarget;
			buildConfigurationList = F2499BE720EEEF4C0038C0D6 /* Build configuration list for PBXNativeTarget "TodoboxUITests" */;
			buildPhases = (
				F2499BD420EEEF4C0038C0D6 /* Sources */,
				F2499BD520EEEF4C0038C0D6 /* Frameworks */,
				F2499BD620EEEF4C0038C0D6 /* Resources */,
			);
			buildRules = (
			);
			dependencies = (
				F2499BDA20EEEF4C0038C0D6 /* PBXTargetDependency */,
			);
			name = TodoboxUITests;
			productName = TodoboxUITests;
			productReference = F2499BD820EEEF4C0038C0D6 /* TodoboxUITests.xctest */;
			productType = "com.apple.product-type.bundle.ui-testing";
		};
/* End PBXNativeTarget section */

/* Begin PBXProject section */
		F2499BB120EEEF4B0038C0D6 /* Project object */ = {
			isa = PBXProject;
			attributes = {
				LastSwiftUpdateCheck = 0930;
				LastUpgradeCheck = 0930;
				ORGANIZATIONNAME = HaroldJung;
				TargetAttributes = {
					F2499BB820EEEF4B0038C0D6 = {
						CreatedOnToolsVersion = 9.3;
					};
					F2499BCC20EEEF4C0038C0D6 = {
						CreatedOnToolsVersion = 9.3;
						TestTargetID = F2499BB820EEEF4B0038C0D6;
					};
					F2499BD720EEEF4C0038C0D6 = {
						CreatedOnToolsVersion = 9.3;
						TestTargetID = F2499BB820EEEF4B0038C0D6;
					};
				};
			};
			buildConfigurationList = F2499BB420EEEF4B0038C0D6 /* Build configuration list for PBXProject "Todobox" */;
			compatibilityVersion = "Xcode 9.3";
			developmentRegion = en;
			hasScannedForEncodings = 0;
			knownRegions = (
				en,
				Base,
			);
			mainGroup = F2499BB020EEEF4B0038C0D6;
			productRefGroup = F2499BBA20EEEF4B0038C0D6 /* Products */;
			projectDirPath = "";
			projectRoot = "";
			targets = (
				F2499BB820EEEF4B0038C0D6 /* Todobox */,
				F2499BCC20EEEF4C0038C0D6 /* TodoboxTests */,
				F2499BD720EEEF4C0038C0D6 /* TodoboxUITests */,
			);
		};
/* End PBXProject section */

/* Begin PBXResourcesBuildPhase section */
		F2499BB720EEEF4B0038C0D6 /* Resources */ = {
			isa = PBXResourcesBuildPhase;
			buildActionMask = 2147483647;
			files = (
				F2499BC720EEEF4C0038C0D6 /* LaunchScreen.storyboard in Resources */,
				F2499BC420EEEF4C0038C0D6 /* Assets.xcassets in Resources */,
				F2499BC220EEEF4B0038C0D6 /* Main.storyboard in Resources */,
			);
			runOnlyForDeploymentPostprocessing = 0;
		};
		F2499BCB20EEEF4C0038C0D6 /* Resources */ = {
			isa = PBXResourcesBuildPhase;
			buildActionMask = 2147483647;
			files = (
			);
			runOnlyForDeploymentPostprocessing = 0;
		};
		F2499BD620EEEF4C0038C0D6 /* Resources */ = {
			isa = PBXResourcesBuildPhase;
			buildActionMask = 2147483647;
			files = (
			);
			runOnlyForDeploymentPostprocessing = 0;
		};
/* End PBXResourcesBuildPhase section */

/* Begin PBXSourcesBuildPhase section */
		F2499BB520EEEF4B0038C0D6 /* Sources */ = {
			isa = PBXSourcesBuildPhase;
			buildActionMask = 2147483647;
			files = (
				F2499BBF20EEEF4B0038C0D6 /* ViewController.swift in Sources */,
				F2499BBD20EEEF4B0038C0D6 /* AppDelegate.swift in Sources */,
			);
			runOnlyForDeploymentPostprocessing = 0;
		};
		F2499BC920EEEF4C0038C0D6 /* Sources */ = {
			isa = PBXSourcesBuildPhase;
			buildActionMask = 2147483647;
			files = (
				F2499BD220EEEF4C0038C0D6 /* TodoboxTests.swift in Sources */,
			);
			runOnlyForDeploymentPostprocessing = 0;
		};
		F2499BD420EEEF4C0038C0D6 /* Sources */ = {
			isa = PBXSourcesBuildPhase;
			buildActionMask = 2147483647;
			files = (
				F2499BDD20EEEF4C0038C0D6 /* TodoboxUITests.swift in Sources */,
			);
			runOnlyForDeploymentPostprocessing = 0;
		};
/* End PBXSourcesBuildPhase section */

/* Begin PBXTargetDependency section */
		F2499BCF20EEEF4C0038C0D6 /* PBXTargetDependency */ = {
			isa = PBXTargetDependency;
			target = F2499BB820EEEF4B0038C0D6 /* Todobox */;
			targetProxy = F2499BCE20EEEF4C0038C0D6 /* PBXContainerItemProxy */;
		};
		F2499BDA20EEEF4C0038C0D6 /* PBXTargetDependency */ = {
			isa = PBXTargetDependency;
			target = F2499BB820EEEF4B0038C0D6 /* Todobox */;
			targetProxy = F2499BD920EEEF4C0038C0D6 /* PBXContainerItemProxy */;
		};
/* End PBXTargetDependency section */

/* Begin PBXVariantGroup section */
		F2499BC020EEEF4B0038C0D6 /* Main.storyboard */ = {
			isa = PBXVariantGroup;
			children = (
				F2499BC120EEEF4B0038C0D6 /* Base */,
			);
			name = Main.storyboard;
			sourceTree = "<group>";
		};
		F2499BC520EEEF4C0038C0D6 /* LaunchScreen.storyboard */ = {
			isa = PBXVariantGroup;
			children = (
				F2499BC620EEEF4C0038C0D6 /* Base */,
			);
			name = LaunchScreen.storyboard;
			sourceTree = "<group>";
		};
/* End PBXVariantGroup section */

/* Begin XCBuildConfiguration section */
		F2499BDF20EEEF4C0038C0D6 /* Debug */ = {
			isa = XCBuildConfiguration;
			buildSettings = {
				ALWAYS_SEARCH_USER_PATHS = NO;
				CLANG_ANALYZER_NONNULL = YES;
				CLANG_ANALYZER_NUMBER_OBJECT_CONVERSION = YES_AGGRESSIVE;
				CLANG_CXX_LANGUAGE_STANDARD = "gnu++14";
				CLANG_CXX_LIBRARY = "libc++";
				CLANG_ENABLE_MODULES = YES;
				CLANG_ENABLE_OBJC_ARC = YES;
				CLANG_ENABLE_OBJC_WEAK = YES;
				CLANG_WARN_BLOCK_CAPTURE_AUTORELEASING = YES;
				CLANG_WARN_BOOL_CONVERSION = YES;
				CLANG_WARN_COMMA = YES;
				CLANG_WARN_CONSTANT_CONVERSION = YES;
				CLANG_WARN_DEPRECATED_OBJC_IMPLEMENTATIONS = YES;
				CLANG_WARN_DIRECT_OBJC_ISA_USAGE = YES_ERROR;
				CLANG_WARN_DOCUMENTATION_COMMENTS = YES;
				CLANG_WARN_EMPTY_BODY = YES;
				CLANG_WARN_ENUM_CONVERSION = YES;
				CLANG_WARN_INFINITE_RECURSION = YES;
				CLANG_WARN_INT_CONVERSION = YES;
				CLANG_WARN_NON_LITERAL_NULL_CONVERSION = YES;
				CLANG_WARN_OBJC_IMPLICIT_RETAIN_SELF = YES;
				CLANG_WARN_OBJC_LITERAL_CONVERSION = YES;
				CLANG_WARN_OBJC_ROOT_CLASS = YES_ERROR;
				CLANG_WARN_RANGE_LOOP_ANALYSIS = YES;
				CLANG_WARN_STRICT_PROTOTYPES = YES;
				CLANG_WARN_SUSPICIOUS_MOVE = YES;
				CLANG_WARN_UNGUARDED_AVAILABILITY = YES_AGGRESSIVE;
				CLANG_WARN_UNREACHABLE_CODE = YES;
				CLANG_WARN__DUPLICATE_METHOD_MATCH = YES;
				CODE_SIGN_IDENTITY = "iPhone Developer";
				COPY_PHASE_STRIP = NO;
				DEBUG_INFORMATION_FORMAT = dwarf;
				ENABLE_STRICT_OBJC_MSGSEND = YES;
				ENABLE_TESTABILITY = YES;
				GCC_C_LANGUAGE_STANDARD = gnu11;
				GCC_DYNAMIC_NO_PIC = NO;
				GCC_NO_COMMON_BLOCKS = YES;
				GCC_OPTIMIZATION_LEVEL = 0;
				GCC_PREPROCESSOR_DEFINITIONS = (
					"DEBUG=1",
					"$(inherited)",
				);
				GCC_WARN_64_TO_32_BIT_CONVERSION = YES;
				GCC_WARN_ABOUT_RETURN_TYPE = YES_ERROR;
				GCC_WARN_UNDECLARED_SELECTOR = YES;
				GCC_WARN_UNINITIALIZED_AUTOS = YES_AGGRESSIVE;
				GCC_WARN_UNUSED_FUNCTION = YES;
				GCC_WARN_UNUSED_VARIABLE = YES;
				IPHONEOS_DEPLOYMENT_TARGET = 11.3;
				MTL_ENABLE_DEBUG_INFO = YES;
				ONLY_ACTIVE_ARCH = YES;
				SDKROOT = iphoneos;
				SWIFT_ACTIVE_COMPILATION_CONDITIONS = DEBUG;
				SWIFT_OPTIMIZATION_LEVEL = "-Onone";
			};
			name = Debug;
		};
		F2499BE020EEEF4C0038C0D6 /* Release */ = {
			isa = XCBuildConfiguration;
			buildSettings = {
				ALWAYS_SEARCH_USER_PATHS = NO;
				CLANG_ANALYZER_NONNULL = YES;
				CLANG_ANALYZER_NUMBER_OBJECT_CONVERSION = YES_AGGRESSIVE;
				CLANG_CXX_LANGUAGE_STANDARD = "gnu++14";
				CLANG_CXX_LIBRARY = "libc++";
				CLANG_ENABLE_MODULES = YES;
				CLANG_ENABLE_OBJC_ARC = YES;
				CLANG_ENABLE_OBJC_WEAK = YES;
				CLANG_WARN_BLOCK_CAPTURE_AUTORELEASING = YES;
				CLANG_WARN_BOOL_CONVERSION = YES;
				CLANG_WARN_COMMA = YES;
				CLANG_WARN_CONSTANT_CONVERSION = YES;
				CLANG_WARN_DEPRECATED_OBJC_IMPLEMENTATIONS = YES;
				CLANG_WARN_DIRECT_OBJC_ISA_USAGE = YES_ERROR;
				CLANG_WARN_DOCUMENTATION_COMMENTS = YES;
				CLANG_WARN_EMPTY_BODY = YES;
				CLANG_WARN_ENUM_CONVERSION = YES;
				CLANG_WARN_INFINITE_RECURSION = YES;
				CLANG_WARN_INT_CONVERSION = YES;
				CLANG_WARN_NON_LITERAL_NULL_CONVERSION = YES;
				CLANG_WARN_OBJC_IMPLICIT_RETAIN_SELF = YES;
				CLANG_WARN_OBJC_LITERAL_CONVERSION = YES;
				CLANG_WARN_OBJC_ROOT_CLASS = YES_ERROR;
				CLANG_WARN_RANGE_LOOP_ANALYSIS = YES;
				CLANG_WARN_STRICT_PROTOTYPES = YES;
				CLANG_WARN_SUSPICIOUS_MOVE = YES;
				CLANG_WARN_UNGUARDED_AVAILABILITY = YES_AGGRESSIVE;
				CLANG_WARN_UNREACHABLE_CODE = YES;
				CLANG_WARN__DUPLICATE_METHOD_MATCH = YES;
				CODE_SIGN_IDENTITY = "iPhone Developer";
				COPY_PHASE_STRIP = NO;
				DEBUG_INFORMATION_FORMAT = "dwarf-with-dsym";
				ENABLE_NS_ASSERTIONS = NO;
				ENABLE_STRICT_OBJC_MSGSEND = YES;
				GCC_C_LANGUAGE_STANDARD = gnu11;
				GCC_NO_COMMON_BLOCKS = YES;
				GCC_WARN_64_TO_32_BIT_CONVERSION = YES;
				GCC_WARN_ABOUT_RETURN_TYPE = YES_ERROR;
				GCC_WARN_UNDECLARED_SELECTOR = YES;
				GCC_WARN_UNINITIALIZED_AUTOS = YES_AGGRESSIVE;
				GCC_WARN_UNUSED_FUNCTION = YES;
				GCC_WARN_UNUSED_VARIABLE = YES;
				IPHONEOS_DEPLOYMENT_TARGET = 11.3;
				MTL_ENABLE_DEBUG_INFO = NO;
				SDKROOT = iphoneos;
				SWIFT_COMPILATION_MODE = wholemodule;
				SWIFT_OPTIMIZATION_LEVEL = "-O";
				VALIDATE_PRODUCT = YES;
			};
			name = Release;
		};
		F2499BE220EEEF4C0038C0D6 /* Debug */ = {
			isa = XCBuildConfiguration;
			buildSettings = {
				ASSETCATALOG_COMPILER_APPICON_NAME = AppIcon;
				CODE_SIGN_STYLE = Automatic;
				DEVELOPMENT_TEAM = PY6LJHQJFF;
				INFOPLIST_FILE = Todobox/Info.plist;
				LD_RUNPATH_SEARCH_PATHS = (
					"$(inherited)",
					"@executable_path/Frameworks",
				);
				PRODUCT_BUNDLE_IDENTIFIER = com.fdk.cts.Todobox;
				PRODUCT_NAME = "$(TARGET_NAME)";
				SWIFT_VERSION = 4.0;
				TARGETED_DEVICE_FAMILY = "1,2";
			};
			name = Debug;
		};
		F2499BE320EEEF4C0038C0D6 /* Release */ = {
			isa = XCBuildConfiguration;
			buildSettings = {
				ASSETCATALOG_COMPILER_APPICON_NAME = AppIcon;
				CODE_SIGN_STYLE = Automatic;
				DEVELOPMENT_TEAM = PY6LJHQJFF;
				INFOPLIST_FILE = Todobox/Info.plist;
				LD_RUNPATH_SEARCH_PATHS = (
					"$(inherited)",
					"@executable_path/Frameworks",
				);
				PRODUCT_BUNDLE_IDENTIFIER = com.fdk.cts.Todobox;
				PRODUCT_NAME = "$(TARGET_NAME)";
				SWIFT_VERSION = 4.0;
				TARGETED_DEVICE_FAMILY = "1,2";
			};
			name = Release;
		};
		F2499BE520EEEF4C0038C0D6 /* Debug */ = {
			isa = XCBuildConfiguration;
			buildSettings = {
				ALWAYS_EMBED_SWIFT_STANDARD_LIBRARIES = YES;
				BUNDLE_LOADER = "$(TEST_HOST)";
				CODE_SIGN_STYLE = Automatic;
				DEVELOPMENT_TEAM = PY6LJHQJFF;
				INFOPLIST_FILE = TodoboxTests/Info.plist;
				LD_RUNPATH_SEARCH_PATHS = (
					"$(inherited)",
					"@executable_path/Frameworks",
					"@loader_path/Frameworks",
				);
				PRODUCT_BUNDLE_IDENTIFIER = com.fdk.cts.TodoboxTests;
				PRODUCT_NAME = "$(TARGET_NAME)";
				SWIFT_VERSION = 4.0;
				TARGETED_DEVICE_FAMILY = "1,2";
				TEST_HOST = "$(BUILT_PRODUCTS_DIR)/Todobox.app/Todobox";
			};
			name = Debug;
		};
		F2499BE620EEEF4C0038C0D6 /* Release */ = {
			isa = XCBuildConfiguration;
			buildSettings = {
				ALWAYS_EMBED_SWIFT_STANDARD_LIBRARIES = YES;
				BUNDLE_LOADER = "$(TEST_HOST)";
				CODE_SIGN_STYLE = Automatic;
				DEVELOPMENT_TEAM = PY6LJHQJFF;
				INFOPLIST_FILE = TodoboxTests/Info.plist;
				LD_RUNPATH_SEARCH_PATHS = (
					"$(inherited)",
					"@executable_path/Frameworks",
					"@loader_path/Frameworks",
				);
				PRODUCT_BUNDLE_IDENTIFIER = com.fdk.cts.TodoboxTests;
				PRODUCT_NAME = "$(TARGET_NAME)";
				SWIFT_VERSION = 4.0;
				TARGETED_DEVICE_FAMILY = "1,2";
				TEST_HOST = "$(BUILT_PRODUCTS_DIR)/Todobox.app/Todobox";
			};
			name = Release;
		};
		F2499BE820EEEF4C0038C0D6 /* Debug */ = {
			isa = XCBuildConfiguration;
			buildSettings = {
				ALWAYS_EMBED_SWIFT_STANDARD_LIBRARIES = YES;
				CODE_SIGN_STYLE = Automatic;
				DEVELOPMENT_TEAM = PY6LJHQJFF;
				INFOPLIST_FILE = TodoboxUITests/Info.plist;
				LD_RUNPATH_SEARCH_PATHS = (
					"$(inherited)",
					"@executable_path/Frameworks",
					"@loader_path/Frameworks",
				);
				PRODUCT_BUNDLE_IDENTIFIER = com.fdk.cts.TodoboxUITests;
				PRODUCT_NAME = "$(TARGET_NAME)";
				SWIFT_VERSION = 4.0;
				TARGETED_DEVICE_FAMILY = "1,2";
				TEST_TARGET_NAME = Todobox;
			};
			name = Debug;
		};
		F2499BE920EEEF4C0038C0D6 /* Release */ = {
			isa = XCBuildConfiguration;
			buildSettings = {
				ALWAYS_EMBED_SWIFT_STANDARD_LIBRARIES = YES;
				CODE_SIGN_STYLE = Automatic;
				DEVELOPMENT_TEAM = PY6LJHQJFF;
				INFOPLIST_FILE = TodoboxUITests/Info.plist;
				LD_RUNPATH_SEARCH_PATHS = (
					"$(inherited)",
					"@executable_path/Frameworks",
					"@loader_path/Frameworks",
				);
				PRODUCT_BUNDLE_IDENTIFIER = com.fdk.cts.TodoboxUITests;
				PRODUCT_NAME = "$(TARGET_NAME)";
				SWIFT_VERSION = 4.0;
				TARGETED_DEVICE_FAMILY = "1,2";
				TEST_TARGET_NAME = Todobox;
			};
			name = Release;
		};
/* End XCBuildConfiguration section */

/* Begin XCConfigurationList section */
		F2499BB420EEEF4B0038C0D6 /* Build configuration list for PBXProject "Todobox" */ = {
			isa = XCConfigurationList;
			buildConfigurations = (
				F2499BDF20EEEF4C0038C0D6 /* Debug */,
				F2499BE020EEEF4C0038C0D6 /* Release */,
			);
			defaultConfigurationIsVisible = 0;
			defaultConfigurationName = Release;
		};
		F2499BE120EEEF4C0038C0D6 /* Build configuration list for PBXNativeTarget "Todobox" */ = {
			isa = XCConfigurationList;
			buildConfigurations = (
				F2499BE220EEEF4C0038C0D6 /* Debug */,
				F2499BE320EEEF4C0038C0D6 /* Release */,
			);
			defaultConfigurationIsVisible = 0;
			defaultConfigurationName = Release;
		};
		F2499BE420EEEF4C0038C0D6 /* Build configuration list for PBXNativeTarget "TodoboxTests" */ = {
			isa = XCConfigurationList;
			buildConfigurations = (
				F2499BE520EEEF4C0038C0D6 /* Debug */,
				F2499BE620EEEF4C0038C0D6 /* Release */,
			);
			defaultConfigurationIsVisible = 0;
			defaultConfigurationName = Release;
		};
		F2499BE720EEEF4C0038C0D6 /* Build configuration list for PBXNativeTarget "TodoboxUITests" */ = {
			isa = XCConfigurationList;
			buildConfigurations = (
				F2499BE820EEEF4C0038C0D6 /* Debug */,
				F2499BE920EEEF4C0038C0D6 /* Release */,
			);
			defaultConfigurationIsVisible = 0;
			defaultConfigurationName = Release;
		};
/* End XCConfigurationList section */
	};
	rootObject = F2499BB120EEEF4B0038C0D6 /* Project object */;
}
