// !$*UTF8*$!
{
	archiveVersion = 1;
	classes = {
	};
	objectVersion = 50;
	objects = {

/* Begin PBXBuildFile section */
		F209EAC42106829D005A7710 /* ListViewController.swift in Sources */ = {isa = PBXBuildFile; fileRef = F209EAC32106829D005A7710 /* ListViewController.swift */; };
		F28E481F2107D3D900BF2453 /* MovieVO.swift in Sources */ = {isa = PBXBuildFile; fileRef = F28E481E2107D3D900BF2453 /* MovieVO.swift */; };
		F2E59E572103E8E90038931D /* AppDelegate.swift in Sources */ = {isa = PBXBuildFile; fileRef = F2E59E562103E8E90038931D /* AppDelegate.swift */; };
		F2E59E592103E8E90038931D /* ViewController.swift in Sources */ = {isa = PBXBuildFile; fileRef = F2E59E582103E8E90038931D /* ViewController.swift */; };
		F2E59E5C2103E8EA0038931D /* Main.storyboard in Resources */ = {isa = PBXBuildFile; fileRef = F2E59E5A2103E8EA0038931D /* Main.storyboard */; };
		F2E59E5E2103E8EA0038931D /* Assets.xcassets in Resources */ = {isa = PBXBuildFile; fileRef = F2E59E5D2103E8EA0038931D /* Assets.xcassets */; };
		F2E59E612103E8EA0038931D /* LaunchScreen.storyboard in Resources */ = {isa = PBXBuildFile; fileRef = F2E59E5F2103E8EA0038931D /* LaunchScreen.storyboard */; };
/* End PBXBuildFile section */

/* Begin PBXFileReference section */
		F209EAC32106829D005A7710 /* ListViewController.swift */ = {isa = PBXFileReference; lastKnownFileType = sourcecode.swift; path = ListViewController.swift; sourceTree = "<group>"; };
		F28E481E2107D3D900BF2453 /* MovieVO.swift */ = {isa = PBXFileReference; lastKnownFileType = sourcecode.swift; path = MovieVO.swift; sourceTree = "<group>"; };
		F2E59E532103E8E90038931D /* MyMoveChart.app */ = {isa = PBXFileReference; explicitFileType = wrapper.application; includeInIndex = 0; path = MyMoveChart.app; sourceTree = BUILT_PRODUCTS_DIR; };
		F2E59E562103E8E90038931D /* AppDelegate.swift */ = {isa = PBXFileReference; lastKnownFileType = sourcecode.swift; path = AppDelegate.swift; sourceTree = "<group>"; };
		F2E59E582103E8E90038931D /* ViewController.swift */ = {isa = PBXFileReference; lastKnownFileType = sourcecode.swift; path = ViewController.swift; sourceTree = "<group>"; };
		F2E59E5B2103E8EA0038931D /* Base */ = {isa = PBXFileReference; lastKnownFileType = file.storyboard; name = Base; path = Base.lproj/Main.storyboard; sourceTree = "<group>"; };
		F2E59E5D2103E8EA0038931D /* Assets.xcassets */ = {isa = PBXFileReference; lastKnownFileType = folder.assetcatalog; path = Assets.xcassets; sourceTree = "<group>"; };
		F2E59E602103E8EA0038931D /* Base */ = {isa = PBXFileReference; lastKnownFileType = file.storyboard; name = Base; path = Base.lproj/LaunchScreen.storyboard; sourceTree = "<group>"; };
		F2E59E622103E8EA0038931D /* Info.plist */ = {isa = PBXFileReference; lastKnownFileType = text.plist.xml; path = Info.plist; sourceTree = "<group>"; };
/* End PBXFileReference section */

/* Begin PBXFrameworksBuildPhase section */
		F2E59E502103E8E90038931D /* Frameworks */ = {
			isa = PBXFrameworksBuildPhase;
			buildActionMask = 2147483647;
			files = (
			);
			runOnlyForDeploymentPostprocessing = 0;
		};
/* End PBXFrameworksBuildPhase section */

/* Begin PBXGroup section */
		F2E59E4A2103E8E90038931D = {
			isa = PBXGroup;
			children = (
				F2E59E552103E8E90038931D /* MyMoveChart */,
				F2E59E542103E8E90038931D /* Products */,
			);
			sourceTree = "<group>";
		};
		F2E59E542103E8E90038931D /* Products */ = {
			isa = PBXGroup;
			children = (
				F2E59E532103E8E90038931D /* MyMoveChart.app */,
			);
			name = Products;
			sourceTree = "<group>";
		};
		F2E59E552103E8E90038931D /* MyMoveChart */ = {
			isa = PBXGroup;
			children = (
				F2E59E562103E8E90038931D /* AppDelegate.swift */,
				F2E59E582103E8E90038931D /* ViewController.swift */,
				F2E59E5A2103E8EA0038931D /* Main.storyboard */,
				F28E481E2107D3D900BF2453 /* MovieVO.swift */,
				F209EAC32106829D005A7710 /* ListViewController.swift */,
				F2E59E5D2103E8EA0038931D /* Assets.xcassets */,
				F2E59E5F2103E8EA0038931D /* LaunchScreen.storyboard */,
				F2E59E622103E8EA0038931D /* Info.plist */,
			);
			path = MyMoveChart;
			sourceTree = "<group>";
		};
/* End PBXGroup section */

/* Begin PBXNativeTarget section */
		F2E59E522103E8E90038931D /* MyMoveChart */ = {
			isa = PBXNativeTarget;
			buildConfigurationList = F2E59E652103E8EA0038931D /* Build configuration list for PBXNativeTarget "MyMoveChart" */;
			buildPhases = (
				F2E59E4F2103E8E90038931D /* Sources */,
				F2E59E502103E8E90038931D /* Frameworks */,
				F2E59E512103E8E90038931D /* Resources */,
			);
			buildRules = (
			);
			dependencies = (
			);
			name = MyMoveChart;
			productName = MyMoveChart;
			productReference = F2E59E532103E8E90038931D /* MyMoveChart.app */;
			productType = "com.apple.product-type.application";
		};
/* End PBXNativeTarget section */

/* Begin PBXProject section */
		F2E59E4B2103E8E90038931D /* Project object */ = {
			isa = PBXProject;
			attributes = {
				LastSwiftUpdateCheck = 0930;
				LastUpgradeCheck = 0930;
				ORGANIZATIONNAME = moonth;
				TargetAttributes = {
					F2E59E522103E8E90038931D = {
						CreatedOnToolsVersion = 9.3;
					};
				};
			};
			buildConfigurationList = F2E59E4E2103E8E90038931D /* Build configuration list for PBXProject "MyMoveChart" */;
			compatibilityVersion = "Xcode 9.3";
			developmentRegion = en;
			hasScannedForEncodings = 0;
			knownRegions = (
				en,
				Base,
			);
			mainGroup = F2E59E4A2103E8E90038931D;
			productRefGroup = F2E59E542103E8E90038931D /* Products */;
			projectDirPath = "";
			projectRoot = "";
			targets = (
				F2E59E522103E8E90038931D /* MyMoveChart */,
			);
		};
/* End PBXProject section */

/* Begin PBXResourcesBuildPhase section */
		F2E59E512103E8E90038931D /* Resources */ = {
			isa = PBXResourcesBuildPhase;
			buildActionMask = 2147483647;
			files = (
				F2E59E612103E8EA0038931D /* LaunchScreen.storyboard in Resources */,
				F2E59E5E2103E8EA0038931D /* Assets.xcassets in Resources */,
				F2E59E5C2103E8EA0038931D /* Main.storyboard in Resources */,
			);
			runOnlyForDeploymentPostprocessing = 0;
		};
/* End PBXResourcesBuildPhase section */

/* Begin PBXSourcesBuildPhase section */
		F2E59E4F2103E8E90038931D /* Sources */ = {
			isa = PBXSourcesBuildPhase;
			buildActionMask = 2147483647;
			files = (
				F2E59E592103E8E90038931D /* ViewController.swift in Sources */,
				F28E481F2107D3D900BF2453 /* MovieVO.swift in Sources */,
				F2E59E572103E8E90038931D /* AppDelegate.swift in Sources */,
				F209EAC42106829D005A7710 /* ListViewController.swift in Sources */,
			);
			runOnlyForDeploymentPostprocessing = 0;
		};
/* End PBXSourcesBuildPhase section */

/* Begin PBXVariantGroup section */
		F2E59E5A2103E8EA0038931D /* Main.storyboard */ = {
			isa = PBXVariantGroup;
			children = (
				F2E59E5B2103E8EA0038931D /* Base */,
			);
			name = Main.storyboard;
			sourceTree = "<group>";
		};
		F2E59E5F2103E8EA0038931D /* LaunchScreen.storyboard */ = {
			isa = PBXVariantGroup;
			children = (
				F2E59E602103E8EA0038931D /* Base */,
			);
			name = LaunchScreen.storyboard;
			sourceTree = "<group>";
		};
/* End PBXVariantGroup section */

/* Begin XCBuildConfiguration section */
		F2E59E632103E8EA0038931D /* Debug */ = {
			isa = XCBuildConfiguration;
			buildSettings = {
				ALWAYS_SEARCH_USER_PATHS = NO;
				CLANG_ANALYZER_NONNULL = YES;
				CLANG_ANALYZER_NUMBER_OBJECT_CONVERSION = YES_AGGRESSIVE;
				CLANG_CXX_LANGUAGE_STANDARD = "gnu++14";
				CLANG_CXX_LIBRARY = "libc++";
				CLANG_ENABLE_MODULES = YES;
				CLANG_ENABLE_OBJC_ARC = YES;
				CLANG_ENABLE_OBJC_WEAK = YES;
				CLANG_WARN_BLOCK_CAPTURE_AUTORELEASING = YES;
				CLANG_WARN_BOOL_CONVERSION = YES;
				CLANG_WARN_COMMA = YES;
				CLANG_WARN_CONSTANT_CONVERSION = YES;
				CLANG_WARN_DEPRECATED_OBJC_IMPLEMENTATIONS = YES;
				CLANG_WARN_DIRECT_OBJC_ISA_USAGE = YES_ERROR;
				CLANG_WARN_DOCUMENTATION_COMMENTS = YES;
				CLANG_WARN_EMPTY_BODY = YES;
				CLANG_WARN_ENUM_CONVERSION = YES;
				CLANG_WARN_INFINITE_RECURSION = YES;
				CLANG_WARN_INT_CONVERSION = YES;
				CLANG_WARN_NON_LITERAL_NULL_CONVERSION = YES;
				CLANG_WARN_OBJC_IMPLICIT_RETAIN_SELF = YES;
				CLANG_WARN_OBJC_LITERAL_CONVERSION = YES;
				CLANG_WARN_OBJC_ROOT_CLASS = YES_ERROR;
				CLANG_WARN_RANGE_LOOP_ANALYSIS = YES;
				CLANG_WARN_STRICT_PROTOTYPES = YES;
				CLANG_WARN_SUSPICIOUS_MOVE = YES;
				CLANG_WARN_UNGUARDED_AVAILABILITY = YES_AGGRESSIVE;
				CLANG_WARN_UNREACHABLE_CODE = YES;
				CLANG_WARN__DUPLICATE_METHOD_MATCH = YES;
				CODE_SIGN_IDENTITY = "iPhone Developer";
				COPY_PHASE_STRIP = NO;
				DEBUG_INFORMATION_FORMAT = dwarf;
				ENABLE_STRICT_OBJC_MSGSEND = YES;
				ENABLE_TESTABILITY = YES;
				GCC_C_LANGUAGE_STANDARD = gnu11;
				GCC_DYNAMIC_NO_PIC = NO;
				GCC_NO_COMMON_BLOCKS = YES;
				GCC_OPTIMIZATION_LEVEL = 0;
				GCC_PREPROCESSOR_DEFINITIONS = (
					"DEBUG=1",
					"$(inherited)",
				);
				GCC_WARN_64_TO_32_BIT_CONVERSION = YES;
				GCC_WARN_ABOUT_RETURN_TYPE = YES_ERROR;
				GCC_WARN_UNDECLARED_SELECTOR = YES;
				GCC_WARN_UNINITIALIZED_AUTOS = YES_AGGRESSIVE;
				GCC_WARN_UNUSED_FUNCTION = YES;
				GCC_WARN_UNUSED_VARIABLE = YES;
				IPHONEOS_DEPLOYMENT_TARGET = 11.3;
				MTL_ENABLE_DEBUG_INFO = YES;
				ONLY_ACTIVE_ARCH = YES;
				SDKROOT = iphoneos;
				SWIFT_ACTIVE_COMPILATION_CONDITIONS = DEBUG;
				SWIFT_OPTIMIZATION_LEVEL = "-Onone";
			};
			name = Debug;
		};
		F2E59E642103E8EA0038931D /* Release */ = {
			isa = XCBuildConfiguration;
			buildSettings = {
				ALWAYS_SEARCH_USER_PATHS = NO;
				CLANG_ANALYZER_NONNULL = YES;
				CLANG_ANALYZER_NUMBER_OBJECT_CONVERSION = YES_AGGRESSIVE;
				CLANG_CXX_LANGUAGE_STANDARD = "gnu++14";
				CLANG_CXX_LIBRARY = "libc++";
				CLANG_ENABLE_MODULES = YES;
				CLANG_ENABLE_OBJC_ARC = YES;
				CLANG_ENABLE_OBJC_WEAK = YES;
				CLANG_WARN_BLOCK_CAPTURE_AUTORELEASING = YES;
				CLANG_WARN_BOOL_CONVERSION = YES;
				CLANG_WARN_COMMA = YES;
				CLANG_WARN_CONSTANT_CONVERSION = YES;
				CLANG_WARN_DEPRECATED_OBJC_IMPLEMENTATIONS = YES;
				CLANG_WARN_DIRECT_OBJC_ISA_USAGE = YES_ERROR;
				CLANG_WARN_DOCUMENTATION_COMMENTS = YES;
				CLANG_WARN_EMPTY_BODY = YES;
				CLANG_WARN_ENUM_CONVERSION = YES;
				CLANG_WARN_INFINITE_RECURSION = YES;
				CLANG_WARN_INT_CONVERSION = YES;
				CLANG_WARN_NON_LITERAL_NULL_CONVERSION = YES;
				CLANG_WARN_OBJC_IMPLICIT_RETAIN_SELF = YES;
				CLANG_WARN_OBJC_LITERAL_CONVERSION = YES;
				CLANG_WARN_OBJC_ROOT_CLASS = YES_ERROR;
				CLANG_WARN_RANGE_LOOP_ANALYSIS = YES;
				CLANG_WARN_STRICT_PROTOTYPES = YES;
				CLANG_WARN_SUSPICIOUS_MOVE = YES;
				CLANG_WARN_UNGUARDED_AVAILABILITY = YES_AGGRESSIVE;
				CLANG_WARN_UNREACHABLE_CODE = YES;
				CLANG_WARN__DUPLICATE_METHOD_MATCH = YES;
				CODE_SIGN_IDENTITY = "iPhone Developer";
				COPY_PHASE_STRIP = NO;
				DEBUG_INFORMATION_FORMAT = "dwarf-with-dsym";
				ENABLE_NS_ASSERTIONS = NO;
				ENABLE_STRICT_OBJC_MSGSEND = YES;
				GCC_C_LANGUAGE_STANDARD = gnu11;
				GCC_NO_COMMON_BLOCKS = YES;
				GCC_WARN_64_TO_32_BIT_CONVERSION = YES;
				GCC_WARN_ABOUT_RETURN_TYPE = YES_ERROR;
				GCC_WARN_UNDECLARED_SELECTOR = YES;
				GCC_WARN_UNINITIALIZED_AUTOS = YES_AGGRESSIVE;
				GCC_WARN_UNUSED_FUNCTION = YES;
				GCC_WARN_UNUSED_VARIABLE = YES;
				IPHONEOS_DEPLOYMENT_TARGET = 11.3;
				MTL_ENABLE_DEBUG_INFO = NO;
				SDKROOT = iphoneos;
				SWIFT_COMPILATION_MODE = wholemodule;
				SWIFT_OPTIMIZATION_LEVEL = "-O";
				VALIDATE_PRODUCT = YES;
			};
			name = Release;
		};
		F2E59E662103E8EA0038931D /* Debug */ = {
			isa = XCBuildConfiguration;
			buildSettings = {
				ASSETCATALOG_COMPILER_APPICON_NAME = AppIcon;
				CODE_SIGN_STYLE = Automatic;
				INFOPLIST_FILE = MyMoveChart/Info.plist;
				LD_RUNPATH_SEARCH_PATHS = (
					"$(inherited)",
					"@executable_path/Frameworks",
				);
				PRODUCT_BUNDLE_IDENTIFIER = kr.co.moonth.MyMoveChart;
				PRODUCT_NAME = "$(TARGET_NAME)";
				SWIFT_VERSION = 4.0;
				TARGETED_DEVICE_FAMILY = "1,2";
			};
			name = Debug;
		};
		F2E59E672103E8EA0038931D /* Release */ = {
			isa = XCBuildConfiguration;
			buildSettings = {
				ASSETCATALOG_COMPILER_APPICON_NAME = AppIcon;
				CODE_SIGN_STYLE = Automatic;
				INFOPLIST_FILE = MyMoveChart/Info.plist;
				LD_RUNPATH_SEARCH_PATHS = (
					"$(inherited)",
					"@executable_path/Frameworks",
				);
				PRODUCT_BUNDLE_IDENTIFIER = kr.co.moonth.MyMoveChart;
				PRODUCT_NAME = "$(TARGET_NAME)";
				SWIFT_VERSION = 4.0;
				TARGETED_DEVICE_FAMILY = "1,2";
			};
			name = Release;
		};
/* End XCBuildConfiguration section */

/* Begin XCConfigurationList section */
		F2E59E4E2103E8E90038931D /* Build configuration list for PBXProject "MyMoveChart" */ = {
			isa = XCConfigurationList;
			buildConfigurations = (
				F2E59E632103E8EA0038931D /* Debug */,
				F2E59E642103E8EA0038931D /* Release */,
			);
			defaultConfigurationIsVisible = 0;
			defaultConfigurationName = Release;
		};
		F2E59E652103E8EA0038931D /* Build configuration list for PBXNativeTarget "MyMoveChart" */ = {
			isa = XCConfigurationList;
			buildConfigurations = (
				F2E59E662103E8EA0038931D /* Debug */,
				F2E59E672103E8EA0038931D /* Release */,
			);
			defaultConfigurationIsVisible = 0;
			defaultConfigurationName = Release;
		};
/* End XCConfigurationList section */
	};
	rootObject = F2E59E4B2103E8E90038931D /* Project object */;
}
